// !$*UTF8*$!
{
	archiveVersion = 1;
	classes = {
	};
	objectVersion = 46;
	objects = {

/* Begin PBXBuildFile section */
		4882D84B18D19DBF00CA0012 /* Main-ipad.storyboard in Resources */ = {isa = PBXBuildFile; fileRef = 4882D84A18D19DBF00CA0012 /* Main-ipad.storyboard */; };
		489325E918AA5D6A00B6D392 /* Main.storyboard in Resources */ = {isa = PBXBuildFile; fileRef = 48F2B37418AA51F400B47D4B /* Main.storyboard */; };
		48F2B36318AA51F400B47D4B /* Foundation.framework in Frameworks */ = {isa = PBXBuildFile; fileRef = 48F2B36218AA51F400B47D4B /* Foundation.framework */; };
		48F2B36518AA51F400B47D4B /* CoreGraphics.framework in Frameworks */ = {isa = PBXBuildFile; fileRef = 48F2B36418AA51F400B47D4B /* CoreGraphics.framework */; };
		48F2B36718AA51F400B47D4B /* UIKit.framework in Frameworks */ = {isa = PBXBuildFile; fileRef = 48F2B36618AA51F400B47D4B /* UIKit.framework */; };
		48F2B36D18AA51F400B47D4B /* InfoPlist.strings in Resources */ = {isa = PBXBuildFile; fileRef = 48F2B36B18AA51F400B47D4B /* InfoPlist.strings */; };
		48F2B36F18AA51F400B47D4B /* main.m in Sources */ = {isa = PBXBuildFile; fileRef = 48F2B36E18AA51F400B47D4B /* main.m */; };
		48F2B37318AA51F400B47D4B /* PHAppDelegate.m in Sources */ = {isa = PBXBuildFile; fileRef = 48F2B37218AA51F400B47D4B /* PHAppDelegate.m */; };
		48F2B37B18AA51F400B47D4B /* Images.xcassets in Resources */ = {isa = PBXBuildFile; fileRef = 48F2B37A18AA51F400B47D4B /* Images.xcassets */; };
		48F2B38218AA51F400B47D4B /* XCTest.framework in Frameworks */ = {isa = PBXBuildFile; fileRef = 48F2B38118AA51F400B47D4B /* XCTest.framework */; };
		48F2B38318AA51F400B47D4B /* Foundation.framework in Frameworks */ = {isa = PBXBuildFile; fileRef = 48F2B36218AA51F400B47D4B /* Foundation.framework */; };
		48F2B38418AA51F400B47D4B /* UIKit.framework in Frameworks */ = {isa = PBXBuildFile; fileRef = 48F2B36618AA51F400B47D4B /* UIKit.framework */; };
		48F2B38C18AA51F400B47D4B /* InfoPlist.strings in Resources */ = {isa = PBXBuildFile; fileRef = 48F2B38A18AA51F400B47D4B /* InfoPlist.strings */; };
		48F2B38E18AA51F400B47D4B /* PHAirViewControllerTests.m in Sources */ = {isa = PBXBuildFile; fileRef = 48F2B38D18AA51F400B47D4B /* PHAirViewControllerTests.m */; };
		48F2B39E18AA527A00B47D4B /* PHMenuViewController.m in Sources */ = {isa = PBXBuildFile; fileRef = 48F2B39918AA527A00B47D4B /* PHMenuViewController.m */; };
		48F2B39F18AA527A00B47D4B /* PHView1ViewController.m in Sources */ = {isa = PBXBuildFile; fileRef = 48F2B39B18AA527A00B47D4B /* PHView1ViewController.m */; };
		48F2B3A018AA527A00B47D4B /* PHViewController.m in Sources */ = {isa = PBXBuildFile; fileRef = 48F2B39D18AA527A00B47D4B /* PHViewController.m */; };
		48F2B3AF18AA52A400B47D4B /* UIViewAdditions.m in Sources */ = {isa = PBXBuildFile; fileRef = 48F2B3A418AA52A400B47D4B /* UIViewAdditions.m */; };
		48F2B3B118AA52A400B47D4B /* PHAirViewController.m in Sources */ = {isa = PBXBuildFile; fileRef = 48F2B3AA18AA52A400B47D4B /* PHAirViewController.m */; };
		48F2B3B318AA52A400B47D4B /* PHSessionView.m in Sources */ = {isa = PBXBuildFile; fileRef = 48F2B3AE18AA52A400B47D4B /* PHSessionView.m */; };
		48F2B3B518AA53F400B47D4B /* QuartzCore.framework in Frameworks */ = {isa = PBXBuildFile; fileRef = 48F2B3B418AA53F400B47D4B /* QuartzCore.framework */; };
/* End PBXBuildFile section */

/* Begin PBXContainerItemProxy section */
		48F2B38518AA51F400B47D4B /* PBXContainerItemProxy */ = {
			isa = PBXContainerItemProxy;
			containerPortal = 48F2B35718AA51F300B47D4B /* Project object */;
			proxyType = 1;
			remoteGlobalIDString = 48F2B35E18AA51F400B47D4B;
			remoteInfo = PHAirViewController;
		};
/* End PBXContainerItemProxy section */

/* Begin PBXFileReference section */
		4882D84A18D19DBF00CA0012 /* Main-ipad.storyboard */ = {isa = PBXFileReference; fileEncoding = 4; lastKnownFileType = file.storyboard; path = "Main-ipad.storyboard"; sourceTree = "<group>"; };
		48F2B35F18AA51F400B47D4B /* PHAirViewController.app */ = {isa = PBXFileReference; explicitFileType = wrapper.application; includeInIndex = 0; path = PHAirViewController.app; sourceTree = BUILT_PRODUCTS_DIR; };
		48F2B36218AA51F400B47D4B /* Foundation.framework */ = {isa = PBXFileReference; lastKnownFileType = wrapper.framework; name = Foundation.framework; path = System/Library/Frameworks/Foundation.framework; sourceTree = SDKROOT; };
		48F2B36418AA51F400B47D4B /* CoreGraphics.framework */ = {isa = PBXFileReference; lastKnownFileType = wrapper.framework; name = CoreGraphics.framework; path = System/Library/Frameworks/CoreGraphics.framework; sourceTree = SDKROOT; };
		48F2B36618AA51F400B47D4B /* UIKit.framework */ = {isa = PBXFileReference; lastKnownFileType = wrapper.framework; name = UIKit.framework; path = System/Library/Frameworks/UIKit.framework; sourceTree = SDKROOT; };
		48F2B36A18AA51F400B47D4B /* PHAirViewController-Info.plist */ = {isa = PBXFileReference; lastKnownFileType = text.plist.xml; path = "PHAirViewController-Info.plist"; sourceTree = "<group>"; };
		48F2B36C18AA51F400B47D4B /* en */ = {isa = PBXFileReference; lastKnownFileType = text.plist.strings; name = en; path = en.lproj/InfoPlist.strings; sourceTree = "<group>"; };
		48F2B36E18AA51F400B47D4B /* main.m */ = {isa = PBXFileReference; lastKnownFileType = sourcecode.c.objc; path = main.m; sourceTree = "<group>"; };
		48F2B37018AA51F400B47D4B /* PHAirViewController-Prefix.pch */ = {isa = PBXFileReference; lastKnownFileType = sourcecode.c.h; path = "PHAirViewController-Prefix.pch"; sourceTree = "<group>"; };
		48F2B37118AA51F400B47D4B /* PHAppDelegate.h */ = {isa = PBXFileReference; lastKnownFileType = sourcecode.c.h; path = PHAppDelegate.h; sourceTree = "<group>"; };
		48F2B37218AA51F400B47D4B /* PHAppDelegate.m */ = {isa = PBXFileReference; lastKnownFileType = sourcecode.c.objc; path = PHAppDelegate.m; sourceTree = "<group>"; };
		48F2B37518AA51F400B47D4B /* Base */ = {isa = PBXFileReference; lastKnownFileType = file.storyboard; name = Base; path = Base.lproj/Main.storyboard; sourceTree = "<group>"; };
		48F2B37A18AA51F400B47D4B /* Images.xcassets */ = {isa = PBXFileReference; lastKnownFileType = folder.assetcatalog; path = Images.xcassets; sourceTree = "<group>"; };
		48F2B38018AA51F400B47D4B /* PHAirViewControllerTests.xctest */ = {isa = PBXFileReference; explicitFileType = wrapper.cfbundle; includeInIndex = 0; path = PHAirViewControllerTests.xctest; sourceTree = BUILT_PRODUCTS_DIR; };
		48F2B38118AA51F400B47D4B /* XCTest.framework */ = {isa = PBXFileReference; lastKnownFileType = wrapper.framework; name = XCTest.framework; path = Library/Frameworks/XCTest.framework; sourceTree = DEVELOPER_DIR; };
		48F2B38918AA51F400B47D4B /* PHAirViewControllerTests-Info.plist */ = {isa = PBXFileReference; lastKnownFileType = text.plist.xml; path = "PHAirViewControllerTests-Info.plist"; sourceTree = "<group>"; };
		48F2B38B18AA51F400B47D4B /* en */ = {isa = PBXFileReference; lastKnownFileType = text.plist.strings; name = en; path = en.lproj/InfoPlist.strings; sourceTree = "<group>"; };
		48F2B38D18AA51F400B47D4B /* PHAirViewControllerTests.m */ = {isa = PBXFileReference; lastKnownFileType = sourcecode.c.objc; path = PHAirViewControllerTests.m; sourceTree = "<group>"; };
		48F2B39818AA527A00B47D4B /* PHMenuViewController.h */ = {isa = PBXFileReference; fileEncoding = 4; lastKnownFileType = sourcecode.c.h; path = PHMenuViewController.h; sourceTree = "<group>"; };
		48F2B39918AA527A00B47D4B /* PHMenuViewController.m */ = {isa = PBXFileReference; fileEncoding = 4; lastKnownFileType = sourcecode.c.objc; path = PHMenuViewController.m; sourceTree = "<group>"; };
		48F2B39A18AA527A00B47D4B /* PHView1ViewController.h */ = {isa = PBXFileReference; fileEncoding = 4; lastKnownFileType = sourcecode.c.h; path = PHView1ViewController.h; sourceTree = "<group>"; };
		48F2B39B18AA527A00B47D4B /* PHView1ViewController.m */ = {isa = PBXFileReference; fileEncoding = 4; lastKnownFileType = sourcecode.c.objc; path = PHView1ViewController.m; sourceTree = "<group>"; };
		48F2B39C18AA527A00B47D4B /* PHViewController.h */ = {isa = PBXFileReference; fileEncoding = 4; lastKnownFileType = sourcecode.c.h; path = PHViewController.h; sourceTree = "<group>"; };
		48F2B39D18AA527A00B47D4B /* PHViewController.m */ = {isa = PBXFileReference; fileEncoding = 4; lastKnownFileType = sourcecode.c.objc; path = PHViewController.m; sourceTree = "<group>"; };
		48F2B3A318AA52A400B47D4B /* UIViewAdditions.h */ = {isa = PBXFileReference; fileEncoding = 4; lastKnownFileType = sourcecode.c.h; path = UIViewAdditions.h; sourceTree = "<group>"; };
		48F2B3A418AA52A400B47D4B /* UIViewAdditions.m */ = {isa = PBXFileReference; fileEncoding = 4; lastKnownFileType = sourcecode.c.objc; path = UIViewAdditions.m; sourceTree = "<group>"; };
		48F2B3A918AA52A400B47D4B /* PHAirViewController.h */ = {isa = PBXFileReference; fileEncoding = 4; lastKnownFileType = sourcecode.c.h; path = PHAirViewController.h; sourceTree = "<group>"; };
		48F2B3AA18AA52A400B47D4B /* PHAirViewController.m */ = {isa = PBXFileReference; fileEncoding = 4; lastKnownFileType = sourcecode.c.objc; path = PHAirViewController.m; sourceTree = "<group>"; };
		48F2B3AD18AA52A400B47D4B /* PHSessionView.h */ = {isa = PBXFileReference; fileEncoding = 4; lastKnownFileType = sourcecode.c.h; path = PHSessionView.h; sourceTree = "<group>"; };
		48F2B3AE18AA52A400B47D4B /* PHSessionView.m */ = {isa = PBXFileReference; fileEncoding = 4; lastKnownFileType = sourcecode.c.objc; path = PHSessionView.m; sourceTree = "<group>"; };
		48F2B3B418AA53F400B47D4B /* QuartzCore.framework */ = {isa = PBXFileReference; lastKnownFileType = wrapper.framework; name = QuartzCore.framework; path = System/Library/Frameworks/QuartzCore.framework; sourceTree = SDKROOT; };
/* End PBXFileReference section */

/* Begin PBXFrameworksBuildPhase section */
		48F2B35C18AA51F400B47D4B /* Frameworks */ = {
			isa = PBXFrameworksBuildPhase;
			buildActionMask = 2147483647;
			files = (
				48F2B3B518AA53F400B47D4B /* QuartzCore.framework in Frameworks */,
				48F2B36518AA51F400B47D4B /* CoreGraphics.framework in Frameworks */,
				48F2B36718AA51F400B47D4B /* UIKit.framework in Frameworks */,
				48F2B36318AA51F400B47D4B /* Foundation.framework in Frameworks */,
			);
			runOnlyForDeploymentPostprocessing = 0;
		};
		48F2B37D18AA51F400B47D4B /* Frameworks */ = {
			isa = PBXFrameworksBuildPhase;
			buildActionMask = 2147483647;
			files = (
				48F2B38218AA51F400B47D4B /* XCTest.framework in Frameworks */,
				48F2B38418AA51F400B47D4B /* UIKit.framework in Frameworks */,
				48F2B38318AA51F400B47D4B /* Foundation.framework in Frameworks */,
			);
			runOnlyForDeploymentPostprocessing = 0;
		};
/* End PBXFrameworksBuildPhase section */

/* Begin PBXGroup section */
		48F2B35618AA51F300B47D4B = {
			isa = PBXGroup;
			children = (
				48F2B36818AA51F400B47D4B /* PHAirViewController */,
				48F2B38718AA51F400B47D4B /* PHAirViewControllerTests */,
				48F2B36118AA51F400B47D4B /* Frameworks */,
				48F2B36018AA51F400B47D4B /* Products */,
			);
			sourceTree = "<group>";
		};
		48F2B36018AA51F400B47D4B /* Products */ = {
			isa = PBXGroup;
			children = (
				48F2B35F18AA51F400B47D4B /* PHAirViewController.app */,
				48F2B38018AA51F400B47D4B /* PHAirViewControllerTests.xctest */,
			);
			name = Products;
			sourceTree = "<group>";
		};
		48F2B36118AA51F400B47D4B /* Frameworks */ = {
			isa = PBXGroup;
			children = (
				48F2B3B418AA53F400B47D4B /* QuartzCore.framework */,
				48F2B36218AA51F400B47D4B /* Foundation.framework */,
				48F2B36418AA51F400B47D4B /* CoreGraphics.framework */,
				48F2B36618AA51F400B47D4B /* UIKit.framework */,
				48F2B38118AA51F400B47D4B /* XCTest.framework */,
			);
			name = Frameworks;
			sourceTree = "<group>";
		};
		48F2B36818AA51F400B47D4B /* PHAirViewController */ = {
			isa = PBXGroup;
			children = (
				48F2B3A118AA52A400B47D4B /* Library */,
				48F2B3A818AA52A400B47D4B /* Source */,
				48F2B37118AA51F400B47D4B /* PHAppDelegate.h */,
				48F2B37218AA51F400B47D4B /* PHAppDelegate.m */,
				48F2B37418AA51F400B47D4B /* Main.storyboard */,
				4882D84A18D19DBF00CA0012 /* Main-ipad.storyboard */,
				48F2B39718AA527A00B47D4B /* ViewController */,
				48F2B37A18AA51F400B47D4B /* Images.xcassets */,
				48F2B36918AA51F400B47D4B /* Supporting Files */,
			);
			path = PHAirViewController;
			sourceTree = "<group>";
		};
		48F2B36918AA51F400B47D4B /* Supporting Files */ = {
			isa = PBXGroup;
			children = (
				48F2B36A18AA51F400B47D4B /* PHAirViewController-Info.plist */,
				48F2B36B18AA51F400B47D4B /* InfoPlist.strings */,
				48F2B36E18AA51F400B47D4B /* main.m */,
				48F2B37018AA51F400B47D4B /* PHAirViewController-Prefix.pch */,
			);
			name = "Supporting Files";
			sourceTree = "<group>";
		};
		48F2B38718AA51F400B47D4B /* PHAirViewControllerTests */ = {
			isa = PBXGroup;
			children = (
				48F2B38D18AA51F400B47D4B /* PHAirViewControllerTests.m */,
				48F2B38818AA51F400B47D4B /* Supporting Files */,
			);
			path = PHAirViewControllerTests;
			sourceTree = "<group>";
		};
		48F2B38818AA51F400B47D4B /* Supporting Files */ = {
			isa = PBXGroup;
			children = (
				48F2B38918AA51F400B47D4B /* PHAirViewControllerTests-Info.plist */,
				48F2B38A18AA51F400B47D4B /* InfoPlist.strings */,
			);
			name = "Supporting Files";
			sourceTree = "<group>";
		};
		48F2B39718AA527A00B47D4B /* ViewController */ = {
			isa = PBXGroup;
			children = (
				48F2B39818AA527A00B47D4B /* PHMenuViewController.h */,
				48F2B39918AA527A00B47D4B /* PHMenuViewController.m */,
				48F2B39A18AA527A00B47D4B /* PHView1ViewController.h */,
				48F2B39B18AA527A00B47D4B /* PHView1ViewController.m */,
				48F2B39C18AA527A00B47D4B /* PHViewController.h */,
				48F2B39D18AA527A00B47D4B /* PHViewController.m */,
			);
			path = ViewController;
			sourceTree = "<group>";
		};
		48F2B3A118AA52A400B47D4B /* Library */ = {
			isa = PBXGroup;
			children = (
				48F2B3A218AA52A400B47D4B /* KNAdditions */,
			);
			name = Library;
			path = ../../Library;
			sourceTree = "<group>";
		};
		48F2B3A218AA52A400B47D4B /* KNAdditions */ = {
			isa = PBXGroup;
			children = (
				48F2B3A318AA52A400B47D4B /* UIViewAdditions.h */,
				48F2B3A418AA52A400B47D4B /* UIViewAdditions.m */,
			);
			path = KNAdditions;
			sourceTree = "<group>";
		};
		48F2B3A818AA52A400B47D4B /* Source */ = {
			isa = PBXGroup;
			children = (
				48F2B3A918AA52A400B47D4B /* PHAirViewController.h */,
				48F2B3AA18AA52A400B47D4B /* PHAirViewController.m */,
				48F2B3AD18AA52A400B47D4B /* PHSessionView.h */,
				48F2B3AE18AA52A400B47D4B /* PHSessionView.m */,
			);
			name = Source;
			path = ../../Source;
			sourceTree = "<group>";
		};
/* End PBXGroup section */

/* Begin PBXNativeTarget section */
		48F2B35E18AA51F400B47D4B /* PHAirViewController */ = {
			isa = PBXNativeTarget;
			buildConfigurationList = 48F2B39118AA51F400B47D4B /* Build configuration list for PBXNativeTarget "PHAirViewController" */;
			buildPhases = (
				48F2B35B18AA51F400B47D4B /* Sources */,
				48F2B35C18AA51F400B47D4B /* Frameworks */,
				48F2B35D18AA51F400B47D4B /* Resources */,
			);
			buildRules = (
			);
			dependencies = (
			);
			name = PHAirViewController;
			productName = PHAirViewController;
			productReference = 48F2B35F18AA51F400B47D4B /* PHAirViewController.app */;
			productType = "com.apple.product-type.application";
		};
		48F2B37F18AA51F400B47D4B /* PHAirViewControllerTests */ = {
			isa = PBXNativeTarget;
			buildConfigurationList = 48F2B39418AA51F400B47D4B /* Build configuration list for PBXNativeTarget "PHAirViewControllerTests" */;
			buildPhases = (
				48F2B37C18AA51F400B47D4B /* Sources */,
				48F2B37D18AA51F400B47D4B /* Frameworks */,
				48F2B37E18AA51F400B47D4B /* Resources */,
			);
			buildRules = (
			);
			dependencies = (
				48F2B38618AA51F400B47D4B /* PBXTargetDependency */,
			);
			name = PHAirViewControllerTests;
			productName = PHAirViewControllerTests;
			productReference = 48F2B38018AA51F400B47D4B /* PHAirViewControllerTests.xctest */;
			productType = "com.apple.product-type.bundle.unit-test";
		};
/* End PBXNativeTarget section */

/* Begin PBXProject section */
		48F2B35718AA51F300B47D4B /* Project object */ = {
			isa = PBXProject;
			attributes = {
				CLASSPREFIX = PH;
				LastUpgradeCheck = 0510;
				ORGANIZATIONNAME = "Phuoc Hai";
				TargetAttributes = {
					48F2B37F18AA51F400B47D4B = {
						TestTargetID = 48F2B35E18AA51F400B47D4B;
					};
				};
			};
			buildConfigurationList = 48F2B35A18AA51F400B47D4B /* Build configuration list for PBXProject "PHAirViewController" */;
			compatibilityVersion = "Xcode 3.2";
			developmentRegion = English;
			hasScannedForEncodings = 0;
			knownRegions = (
				en,
				Base,
			);
			mainGroup = 48F2B35618AA51F300B47D4B;
			productRefGroup = 48F2B36018AA51F400B47D4B /* Products */;
			projectDirPath = "";
			projectRoot = "";
			targets = (
				48F2B35E18AA51F400B47D4B /* PHAirViewController */,
				48F2B37F18AA51F400B47D4B /* PHAirViewControllerTests */,
			);
		};
/* End PBXProject section */

/* Begin PBXResourcesBuildPhase section */
		48F2B35D18AA51F400B47D4B /* Resources */ = {
			isa = PBXResourcesBuildPhase;
			buildActionMask = 2147483647;
			files = (
				48F2B37B18AA51F400B47D4B /* Images.xcassets in Resources */,
				48F2B36D18AA51F400B47D4B /* InfoPlist.strings in Resources */,
				489325E918AA5D6A00B6D392 /* Main.storyboard in Resources */,
				4882D84B18D19DBF00CA0012 /* Main-ipad.storyboard in Resources */,
			);
			runOnlyForDeploymentPostprocessing = 0;
		};
		48F2B37E18AA51F400B47D4B /* Resources */ = {
			isa = PBXResourcesBuildPhase;
			buildActionMask = 2147483647;
			files = (
				48F2B38C18AA51F400B47D4B /* InfoPlist.strings in Resources */,
			);
			runOnlyForDeploymentPostprocessing = 0;
		};
/* End PBXResourcesBuildPhase section */

/* Begin PBXSourcesBuildPhase section */
		48F2B35B18AA51F400B47D4B /* Sources */ = {
			isa = PBXSourcesBuildPhase;
			buildActionMask = 2147483647;
			files = (
				48F2B37318AA51F400B47D4B /* PHAppDelegate.m in Sources */,
				48F2B39F18AA527A00B47D4B /* PHView1ViewController.m in Sources */,
				48F2B3AF18AA52A400B47D4B /* UIViewAdditions.m in Sources */,
				48F2B3B118AA52A400B47D4B /* PHAirViewController.m in Sources */,
				48F2B39E18AA527A00B47D4B /* PHMenuViewController.m in Sources */,
				48F2B3A018AA527A00B47D4B /* PHViewController.m in Sources */,
				48F2B36F18AA51F400B47D4B /* main.m in Sources */,
				48F2B3B318AA52A400B47D4B /* PHSessionView.m in Sources */,
			);
			runOnlyForDeploymentPostprocessing = 0;
		};
		48F2B37C18AA51F400B47D4B /* Sources */ = {
			isa = PBXSourcesBuildPhase;
			buildActionMask = 2147483647;
			files = (
				48F2B38E18AA51F400B47D4B /* PHAirViewControllerTests.m in Sources */,
			);
			runOnlyForDeploymentPostprocessing = 0;
		};
/* End PBXSourcesBuildPhase section */

/* Begin PBXTargetDependency section */
		48F2B38618AA51F400B47D4B /* PBXTargetDependency */ = {
			isa = PBXTargetDependency;
			target = 48F2B35E18AA51F400B47D4B /* PHAirViewController */;
			targetProxy = 48F2B38518AA51F400B47D4B /* PBXContainerItemProxy */;
		};
/* End PBXTargetDependency section */

/* Begin PBXVariantGroup section */
		48F2B36B18AA51F400B47D4B /* InfoPlist.strings */ = {
			isa = PBXVariantGroup;
			children = (
				48F2B36C18AA51F400B47D4B /* en */,
			);
			name = InfoPlist.strings;
			sourceTree = "<group>";
		};
		48F2B37418AA51F400B47D4B /* Main.storyboard */ = {
			isa = PBXVariantGroup;
			children = (
				48F2B37518AA51F400B47D4B /* Base */,
			);
			name = Main.storyboard;
			sourceTree = "<group>";
		};
		48F2B38A18AA51F400B47D4B /* InfoPlist.strings */ = {
			isa = PBXVariantGroup;
			children = (
				48F2B38B18AA51F400B47D4B /* en */,
			);
			name = InfoPlist.strings;
			sourceTree = "<group>";
		};
/* End PBXVariantGroup section */

/* Begin XCBuildConfiguration section */
		48F2B38F18AA51F400B47D4B /* Debug */ = {
			isa = XCBuildConfiguration;
			buildSettings = {
				ALWAYS_SEARCH_USER_PATHS = NO;
				ARCHS = "$(ARCHS_STANDARD)";
				CLANG_CXX_LANGUAGE_STANDARD = "gnu++0x";
				CLANG_CXX_LIBRARY = "libc++";
				CLANG_ENABLE_MODULES = YES;
				CLANG_ENABLE_OBJC_ARC = YES;
				CLANG_WARN_BOOL_CONVERSION = YES;
				CLANG_WARN_CONSTANT_CONVERSION = YES;
				CLANG_WARN_DIRECT_OBJC_ISA_USAGE = YES_ERROR;
				CLANG_WARN_EMPTY_BODY = YES;
				CLANG_WARN_ENUM_CONVERSION = YES;
				CLANG_WARN_INT_CONVERSION = YES;
				CLANG_WARN_OBJC_ROOT_CLASS = YES_ERROR;
				CLANG_WARN__DUPLICATE_METHOD_MATCH = YES;
				"CODE_SIGN_IDENTITY[sdk=iphoneos*]" = "iPhone Developer";
				COPY_PHASE_STRIP = NO;
				GCC_C_LANGUAGE_STANDARD = gnu99;
				GCC_DYNAMIC_NO_PIC = NO;
				GCC_OPTIMIZATION_LEVEL = 0;
				GCC_PREPROCESSOR_DEFINITIONS = (
					"DEBUG=1",
					"$(inherited)",
				);
				GCC_SYMBOLS_PRIVATE_EXTERN = NO;
				GCC_WARN_64_TO_32_BIT_CONVERSION = YES;
				GCC_WARN_ABOUT_RETURN_TYPE = YES_ERROR;
				GCC_WARN_UNDECLARED_SELECTOR = YES;
				GCC_WARN_UNINITIALIZED_AUTOS = YES_AGGRESSIVE;
				GCC_WARN_UNUSED_FUNCTION = YES;
				GCC_WARN_UNUSED_VARIABLE = YES;
				IPHONEOS_DEPLOYMENT_TARGET = 6.0;
				ONLY_ACTIVE_ARCH = YES;
				SDKROOT = iphoneos;
				VALID_ARCHS = "armv7 armv7s";
			};
			name = Debug;
		};
		48F2B39018AA51F400B47D4B /* Release */ = {
			isa = XCBuildConfiguration;
			buildSettings = {
				ALWAYS_SEARCH_USER_PATHS = NO;
				ARCHS = "$(ARCHS_STANDARD)";
				CLANG_CXX_LANGUAGE_STANDARD = "gnu++0x";
				CLANG_CXX_LIBRARY = "libc++";
				CLANG_ENABLE_MODULES = YES;
				CLANG_ENABLE_OBJC_ARC = YES;
				CLANG_WARN_BOOL_CONVERSION = YES;
				CLANG_WARN_CONSTANT_CONVERSION = YES;
				CLANG_WARN_DIRECT_OBJC_ISA_USAGE = YES_ERROR;
				CLANG_WARN_EMPTY_BODY = YES;
				CLANG_WARN_ENUM_CONVERSION = YES;
				CLANG_WARN_INT_CONVERSION = YES;
				CLANG_WARN_OBJC_ROOT_CLASS = YES_ERROR;
				CLANG_WARN__DUPLICATE_METHOD_MATCH = YES;
				"CODE_SIGN_IDENTITY[sdk=iphoneos*]" = "iPhone Developer";
				COPY_PHASE_STRIP = YES;
				ENABLE_NS_ASSERTIONS = NO;
				GCC_C_LANGUAGE_STANDARD = gnu99;
				GCC_WARN_64_TO_32_BIT_CONVERSION = YES;
				GCC_WARN_ABOUT_RETURN_TYPE = YES_ERROR;
				GCC_WARN_UNDECLARED_SELECTOR = YES;
				GCC_WARN_UNINITIALIZED_AUTOS = YES_AGGRESSIVE;
				GCC_WARN_UNUSED_FUNCTION = YES;
				GCC_WARN_UNUSED_VARIABLE = YES;
				IPHONEOS_DEPLOYMENT_TARGET = 6.0;
				SDKROOT = iphoneos;
				VALIDATE_PRODUCT = YES;
				VALID_ARCHS = "armv7 armv7s";
			};
			name = Release;
		};
		48F2B39218AA51F400B47D4B /* Debug */ = {
			isa = XCBuildConfiguration;
			buildSettings = {
				ARCHS = (
					armv7s,
					armv7,
				);
				ASSETCATALOG_COMPILER_APPICON_NAME = AppIcon;
				ASSETCATALOG_COMPILER_LAUNCHIMAGE_NAME = LaunchImage;
				GCC_PRECOMPILE_PREFIX_HEADER = YES;
				GCC_PREFIX_HEADER = "PHAirViewController/PHAirViewController-Prefix.pch";
				INFOPLIST_FILE = "PHAirViewController/PHAirViewController-Info.plist";
				IPHONEOS_DEPLOYMENT_TARGET = 6.0;
				PRODUCT_NAME = "$(TARGET_NAME)";
				TARGETED_DEVICE_FAMILY = "1,2";
				WRAPPER_EXTENSION = app;
			};
			name = Debug;
		};
		48F2B39318AA51F400B47D4B /* Release */ = {
			isa = XCBuildConfiguration;
			buildSettings = {
				ARCHS = (
					armv7s,
					armv7,
				);
				ASSETCATALOG_COMPILER_APPICON_NAME = AppIcon;
				ASSETCATALOG_COMPILER_LAUNCHIMAGE_NAME = LaunchImage;
				GCC_PRECOMPILE_PREFIX_HEADER = YES;
				GCC_PREFIX_HEADER = "PHAirViewController/PHAirViewController-Prefix.pch";
				INFOPLIST_FILE = "PHAirViewController/PHAirViewController-Info.plist";
				IPHONEOS_DEPLOYMENT_TARGET = 6.0;
				PRODUCT_NAME = "$(TARGET_NAME)";
				TARGETED_DEVICE_FAMILY = "1,2";
				WRAPPER_EXTENSION = app;
			};
			name = Release;
		};
		48F2B39518AA51F400B47D4B /* Debug */ = {
			isa = XCBuildConfiguration;
			buildSettings = {
				ARCHS = "$(ARCHS_STANDARD_INCLUDING_64_BIT)";
				BUNDLE_LOADER = "$(BUILT_PRODUCTS_DIR)/PHAirViewController.app/PHAirViewController";
				FRAMEWORK_SEARCH_PATHS = (
					"$(SDKROOT)/Developer/Library/Frameworks",
					"$(inherited)",
					"$(DEVELOPER_FRAMEWORKS_DIR)",
				);
				GCC_PRECOMPILE_PREFIX_HEADER = YES;
				GCC_PREFIX_HEADER = "PHAirViewController/PHAirViewController-Prefix.pch";
				GCC_PREPROCESSOR_DEFINITIONS = (
					"DEBUG=1",
					"$(inherited)",
				);
				INFOPLIST_FILE = "PHAirViewControllerTests/PHAirViewControllerTests-Info.plist";
				PRODUCT_NAME = "$(TARGET_NAME)";
				TEST_HOST = "$(BUNDLE_LOADER)";
				WRAPPER_EXTENSION = xctest;
			};
			name = Debug;
		};
		48F2B39618AA51F400B47D4B /* Release */ = {
			isa = XCBuildConfiguration;
			buildSettings = {
				ARCHS = "$(ARCHS_STANDARD_INCLUDING_64_BIT)";
				BUNDLE_LOADER = "$(BUILT_PRODUCTS_DIR)/PHAirViewController.app/PHAirViewController";
				FRAMEWORK_SEARCH_PATHS = (
					"$(SDKROOT)/Developer/Library/Frameworks",
					"$(inherited)",
					"$(DEVELOPER_FRAMEWORKS_DIR)",
				);
				GCC_PRECOMPILE_PREFIX_HEADER = YES;
				GCC_PREFIX_HEADER = "PHAirViewController/PHAirViewController-Prefix.pch";
				INFOPLIST_FILE = "PHAirViewControllerTests/PHAirViewControllerTests-Info.plist";
				PRODUCT_NAME = "$(TARGET_NAME)";
				TEST_HOST = "$(BUNDLE_LOADER)";
				WRAPPER_EXTENSION = xctest;
			};
			name = Release;
		};
/* End XCBuildConfiguration section */

/* Begin XCConfigurationList section */
		48F2B35A18AA51F400B47D4B /* Build configuration list for PBXProject "PHAirViewController" */ = {
			isa = XCConfigurationList;
			buildConfigurations = (
				48F2B38F18AA51F400B47D4B /* Debug */,
				48F2B39018AA51F400B47D4B /* Release */,
			);
			defaultConfigurationIsVisible = 0;
			defaultConfigurationName = Release;
		};
		48F2B39118AA51F400B47D4B /* Build configuration list for PBXNativeTarget "PHAirViewController" */ = {
			isa = XCConfigurationList;
			buildConfigurations = (
				48F2B39218AA51F400B47D4B /* Debug */,
				48F2B39318AA51F400B47D4B /* Release */,
			);
			defaultConfigurationIsVisible = 0;
			defaultConfigurationName = Release;
		};
		48F2B39418AA51F400B47D4B /* Build configuration list for PBXNativeTarget "PHAirViewControllerTests" */ = {
			isa = XCConfigurationList;
			buildConfigurations = (
				48F2B39518AA51F400B47D4B /* Debug */,
				48F2B39618AA51F400B47D4B /* Release */,
			);
			defaultConfigurationIsVisible = 0;
			defaultConfigurationName = Release;
		};
/* End XCConfigurationList section */
	};
	rootObject = 48F2B35718AA51F300B47D4B /* Project object */;
}
